// !$*UTF8*$!
{
	archiveVersion = 1;
	classes = {
	};
	objectVersion = 50;
	objects = {

/* Begin PBXBuildFile section */
		99E3E99126D7FDE700B13674 /* BeancounterApp.swift in Sources */ = {isa = PBXBuildFile; fileRef = 99E3E99026D7FDE700B13674 /* BeancounterApp.swift */; };
		99E3E99326D7FDE700B13674 /* ContentView.swift in Sources */ = {isa = PBXBuildFile; fileRef = 99E3E99226D7FDE700B13674 /* ContentView.swift */; };
		99E3E99526D7FDE900B13674 /* Assets.xcassets in Resources */ = {isa = PBXBuildFile; fileRef = 99E3E99426D7FDE900B13674 /* Assets.xcassets */; };
		99E3E99826D7FDE900B13674 /* Preview Assets.xcassets in Resources */ = {isa = PBXBuildFile; fileRef = 99E3E99726D7FDE900B13674 /* Preview Assets.xcassets */; };
		99E3E9A126D8011500B13674 /* BudgetView.swift in Sources */ = {isa = PBXBuildFile; fileRef = 99E3E9A026D8011500B13674 /* BudgetView.swift */; };
		99E3E9A326D8013D00B13674 /* AccountsView.swift in Sources */ = {isa = PBXBuildFile; fileRef = 99E3E9A226D8013D00B13674 /* AccountsView.swift */; };
		99E3E9A526D8085C00B13674 /* ReportsView.swift in Sources */ = {isa = PBXBuildFile; fileRef = 99E3E9A426D8085C00B13674 /* ReportsView.swift */; };
		99E3E9A726D8086400B13674 /* HelpView.swift in Sources */ = {isa = PBXBuildFile; fileRef = 99E3E9A626D8086400B13674 /* HelpView.swift */; };
		99E3E9A926D8086E00B13674 /* TransactionView.swift in Sources */ = {isa = PBXBuildFile; fileRef = 99E3E9A826D8086E00B13674 /* TransactionView.swift */; };
/* End PBXBuildFile section */

/* Begin PBXFileReference section */
		99E3E98D26D7FDE700B13674 /* Beancounter.app */ = {isa = PBXFileReference; explicitFileType = wrapper.application; includeInIndex = 0; path = Beancounter.app; sourceTree = BUILT_PRODUCTS_DIR; };
		99E3E99026D7FDE700B13674 /* BeancounterApp.swift */ = {isa = PBXFileReference; lastKnownFileType = sourcecode.swift; path = BeancounterApp.swift; sourceTree = "<group>"; };
		99E3E99226D7FDE700B13674 /* ContentView.swift */ = {isa = PBXFileReference; lastKnownFileType = sourcecode.swift; path = ContentView.swift; sourceTree = "<group>"; };
		99E3E99426D7FDE900B13674 /* Assets.xcassets */ = {isa = PBXFileReference; lastKnownFileType = folder.assetcatalog; path = Assets.xcassets; sourceTree = "<group>"; };
		99E3E99726D7FDE900B13674 /* Preview Assets.xcassets */ = {isa = PBXFileReference; lastKnownFileType = folder.assetcatalog; path = "Preview Assets.xcassets"; sourceTree = "<group>"; };
		99E3E99926D7FDE900B13674 /* Info.plist */ = {isa = PBXFileReference; lastKnownFileType = text.plist.xml; path = Info.plist; sourceTree = "<group>"; };
		99E3E9A026D8011500B13674 /* BudgetView.swift */ = {isa = PBXFileReference; lastKnownFileType = sourcecode.swift; path = BudgetView.swift; sourceTree = "<group>"; };
		99E3E9A226D8013D00B13674 /* AccountsView.swift */ = {isa = PBXFileReference; lastKnownFileType = sourcecode.swift; path = AccountsView.swift; sourceTree = "<group>"; };
		99E3E9A426D8085C00B13674 /* ReportsView.swift */ = {isa = PBXFileReference; lastKnownFileType = sourcecode.swift; path = ReportsView.swift; sourceTree = "<group>"; };
		99E3E9A626D8086400B13674 /* HelpView.swift */ = {isa = PBXFileReference; lastKnownFileType = sourcecode.swift; path = HelpView.swift; sourceTree = "<group>"; };
		99E3E9A826D8086E00B13674 /* TransactionView.swift */ = {isa = PBXFileReference; lastKnownFileType = sourcecode.swift; path = TransactionView.swift; sourceTree = "<group>"; };
/* End PBXFileReference section */

/* Begin PBXFrameworksBuildPhase section */
		99E3E98A26D7FDE700B13674 /* Frameworks */ = {
			isa = PBXFrameworksBuildPhase;
			buildActionMask = 2147483647;
			files = (
			);
			runOnlyForDeploymentPostprocessing = 0;
		};
/* End PBXFrameworksBuildPhase section */

/* Begin PBXGroup section */
		99E3E98426D7FDE700B13674 = {
			isa = PBXGroup;
			children = (
				99E3E98F26D7FDE700B13674 /* Beancounter */,
				99E3E98E26D7FDE700B13674 /* Products */,
			);
			sourceTree = "<group>";
		};
		99E3E98E26D7FDE700B13674 /* Products */ = {
			isa = PBXGroup;
			children = (
				99E3E98D26D7FDE700B13674 /* Beancounter.app */,
			);
			name = Products;
			sourceTree = "<group>";
		};
		99E3E98F26D7FDE700B13674 /* Beancounter */ = {
			isa = PBXGroup;
			children = (
				99E3E99F26D8010300B13674 /* Views */,
				99E3E99026D7FDE700B13674 /* BeancounterApp.swift */,
				99E3E99426D7FDE900B13674 /* Assets.xcassets */,
				99E3E99926D7FDE900B13674 /* Info.plist */,
				99E3E99626D7FDE900B13674 /* Preview Content */,
			);
			path = Beancounter;
			sourceTree = "<group>";
		};
		99E3E99626D7FDE900B13674 /* Preview Content */ = {
			isa = PBXGroup;
			children = (
				99E3E99726D7FDE900B13674 /* Preview Assets.xcassets */,
			);
			path = "Preview Content";
			sourceTree = "<group>";
		};
		99E3E99F26D8010300B13674 /* Views */ = {
			isa = PBXGroup;
			children = (
				99E3E99226D7FDE700B13674 /* ContentView.swift */,
				99E3E9A026D8011500B13674 /* BudgetView.swift */,
				99E3E9A226D8013D00B13674 /* AccountsView.swift */,
				99E3E9A426D8085C00B13674 /* ReportsView.swift */,
				99E3E9A626D8086400B13674 /* HelpView.swift */,
				99E3E9A826D8086E00B13674 /* TransactionView.swift */,
			);
			path = Views;
			sourceTree = "<group>";
		};
/* End PBXGroup section */

/* Begin PBXNativeTarget section */
		99E3E98C26D7FDE700B13674 /* Beancounter */ = {
			isa = PBXNativeTarget;
			buildConfigurationList = 99E3E99C26D7FDE900B13674 /* Build configuration list for PBXNativeTarget "Beancounter" */;
			buildPhases = (
				99E3E98926D7FDE700B13674 /* Sources */,
				99E3E98A26D7FDE700B13674 /* Frameworks */,
				99E3E98B26D7FDE700B13674 /* Resources */,
			);
			buildRules = (
			);
			dependencies = (
			);
			name = Beancounter;
			productName = Beancounter;
			productReference = 99E3E98D26D7FDE700B13674 /* Beancounter.app */;
			productType = "com.apple.product-type.application";
		};
/* End PBXNativeTarget section */

/* Begin PBXProject section */
		99E3E98526D7FDE700B13674 /* Project object */ = {
			isa = PBXProject;
			attributes = {
				LastSwiftUpdateCheck = 1250;
				LastUpgradeCheck = 1250;
				TargetAttributes = {
					99E3E98C26D7FDE700B13674 = {
						CreatedOnToolsVersion = 12.5.1;
					};
				};
			};
			buildConfigurationList = 99E3E98826D7FDE700B13674 /* Build configuration list for PBXProject "Beancounter" */;
			compatibilityVersion = "Xcode 9.3";
			developmentRegion = en;
			hasScannedForEncodings = 0;
			knownRegions = (
				en,
				Base,
			);
			mainGroup = 99E3E98426D7FDE700B13674;
			productRefGroup = 99E3E98E26D7FDE700B13674 /* Products */;
			projectDirPath = "";
			projectRoot = "";
			targets = (
				99E3E98C26D7FDE700B13674 /* Beancounter */,
			);
		};
/* End PBXProject section */

/* Begin PBXResourcesBuildPhase section */
		99E3E98B26D7FDE700B13674 /* Resources */ = {
			isa = PBXResourcesBuildPhase;
			buildActionMask = 2147483647;
			files = (
				99E3E99826D7FDE900B13674 /* Preview Assets.xcassets in Resources */,
				99E3E99526D7FDE900B13674 /* Assets.xcassets in Resources */,
			);
			runOnlyForDeploymentPostprocessing = 0;
		};
/* End PBXResourcesBuildPhase section */

/* Begin PBXSourcesBuildPhase section */
		99E3E98926D7FDE700B13674 /* Sources */ = {
			isa = PBXSourcesBuildPhase;
			buildActionMask = 2147483647;
			files = (
				99E3E9A326D8013D00B13674 /* AccountsView.swift in Sources */,
				99E3E9A726D8086400B13674 /* HelpView.swift in Sources */,
				99E3E9A526D8085C00B13674 /* ReportsView.swift in Sources */,
				99E3E99326D7FDE700B13674 /* ContentView.swift in Sources */,
				99E3E9A126D8011500B13674 /* BudgetView.swift in Sources */,
				99E3E9A926D8086E00B13674 /* TransactionView.swift in Sources */,
				99E3E99126D7FDE700B13674 /* BeancounterApp.swift in Sources */,
			);
			runOnlyForDeploymentPostprocessing = 0;
		};
/* End PBXSourcesBuildPhase section */

/* Begin XCBuildConfiguration section */
		99E3E99A26D7FDE900B13674 /* Debug */ = {
			isa = XCBuildConfiguration;
			buildSettings = {
				ALWAYS_SEARCH_USER_PATHS = NO;
				CLANG_ANALYZER_NONNULL = YES;
				CLANG_ANALYZER_NUMBER_OBJECT_CONVERSION = YES_AGGRESSIVE;
				CLANG_CXX_LANGUAGE_STANDARD = "gnu++14";
				CLANG_CXX_LIBRARY = "libc++";
				CLANG_ENABLE_MODULES = YES;
				CLANG_ENABLE_OBJC_ARC = YES;
				CLANG_ENABLE_OBJC_WEAK = YES;
				CLANG_WARN_BLOCK_CAPTURE_AUTORELEASING = YES;
				CLANG_WARN_BOOL_CONVERSION = YES;
				CLANG_WARN_COMMA = YES;
				CLANG_WARN_CONSTANT_CONVERSION = YES;
				CLANG_WARN_DEPRECATED_OBJC_IMPLEMENTATIONS = YES;
				CLANG_WARN_DIRECT_OBJC_ISA_USAGE = YES_ERROR;
				CLANG_WARN_DOCUMENTATION_COMMENTS = YES;
				CLANG_WARN_EMPTY_BODY = YES;
				CLANG_WARN_ENUM_CONVERSION = YES;
				CLANG_WARN_INFINITE_RECURSION = YES;
				CLANG_WARN_INT_CONVERSION = YES;
				CLANG_WARN_NON_LITERAL_NULL_CONVERSION = YES;
				CLANG_WARN_OBJC_IMPLICIT_RETAIN_SELF = YES;
				CLANG_WARN_OBJC_LITERAL_CONVERSION = YES;
				CLANG_WARN_OBJC_ROOT_CLASS = YES_ERROR;
				CLANG_WARN_QUOTED_INCLUDE_IN_FRAMEWORK_HEADER = YES;
				CLANG_WARN_RANGE_LOOP_ANALYSIS = YES;
				CLANG_WARN_STRICT_PROTOTYPES = YES;
				CLANG_WARN_SUSPICIOUS_MOVE = YES;
				CLANG_WARN_UNGUARDED_AVAILABILITY = YES_AGGRESSIVE;
				CLANG_WARN_UNREACHABLE_CODE = YES;
				CLANG_WARN__DUPLICATE_METHOD_MATCH = YES;
				COPY_PHASE_STRIP = NO;
				DEBUG_INFORMATION_FORMAT = dwarf;
				ENABLE_STRICT_OBJC_MSGSEND = YES;
				ENABLE_TESTABILITY = YES;
				GCC_C_LANGUAGE_STANDARD = gnu11;
				GCC_DYNAMIC_NO_PIC = NO;
				GCC_NO_COMMON_BLOCKS = YES;
				GCC_OPTIMIZATION_LEVEL = 0;
				GCC_PREPROCESSOR_DEFINITIONS = (
					"DEBUG=1",
					"$(inherited)",
				);
				GCC_WARN_64_TO_32_BIT_CONVERSION = YES;
				GCC_WARN_ABOUT_RETURN_TYPE = YES_ERROR;
				GCC_WARN_UNDECLARED_SELECTOR = YES;
				GCC_WARN_UNINITIALIZED_AUTOS = YES_AGGRESSIVE;
				GCC_WARN_UNUSED_FUNCTION = YES;
				GCC_WARN_UNUSED_VARIABLE = YES;
				IPHONEOS_DEPLOYMENT_TARGET = 14.5;
				MTL_ENABLE_DEBUG_INFO = INCLUDE_SOURCE;
				MTL_FAST_MATH = YES;
				ONLY_ACTIVE_ARCH = YES;
				SDKROOT = iphoneos;
				SWIFT_ACTIVE_COMPILATION_CONDITIONS = DEBUG;
				SWIFT_OPTIMIZATION_LEVEL = "-Onone";
			};
			name = Debug;
		};
		99E3E99B26D7FDE900B13674 /* Release */ = {
			isa = XCBuildConfiguration;
			buildSettings = {
				ALWAYS_SEARCH_USER_PATHS = NO;
				CLANG_ANALYZER_NONNULL = YES;
				CLANG_ANALYZER_NUMBER_OBJECT_CONVERSION = YES_AGGRESSIVE;
				CLANG_CXX_LANGUAGE_STANDARD = "gnu++14";
				CLANG_CXX_LIBRARY = "libc++";
				CLANG_ENABLE_MODULES = YES;
				CLANG_ENABLE_OBJC_ARC = YES;
				CLANG_ENABLE_OBJC_WEAK = YES;
				CLANG_WARN_BLOCK_CAPTURE_AUTORELEASING = YES;
				CLANG_WARN_BOOL_CONVERSION = YES;
				CLANG_WARN_COMMA = YES;
				CLANG_WARN_CONSTANT_CONVERSION = YES;
				CLANG_WARN_DEPRECATED_OBJC_IMPLEMENTATIONS = YES;
				CLANG_WARN_DIRECT_OBJC_ISA_USAGE = YES_ERROR;
				CLANG_WARN_DOCUMENTATION_COMMENTS = YES;
				CLANG_WARN_EMPTY_BODY = YES;
				CLANG_WARN_ENUM_CONVERSION = YES;
				CLANG_WARN_INFINITE_RECURSION = YES;
				CLANG_WARN_INT_CONVERSION = YES;
				CLANG_WARN_NON_LITERAL_NULL_CONVERSION = YES;
				CLANG_WARN_OBJC_IMPLICIT_RETAIN_SELF = YES;
				CLANG_WARN_OBJC_LITERAL_CONVERSION = YES;
				CLANG_WARN_OBJC_ROOT_CLASS = YES_ERROR;
				CLANG_WARN_QUOTED_INCLUDE_IN_FRAMEWORK_HEADER = YES;
				CLANG_WARN_RANGE_LOOP_ANALYSIS = YES;
				CLANG_WARN_STRICT_PROTOTYPES = YES;
				CLANG_WARN_SUSPICIOUS_MOVE = YES;
				CLANG_WARN_UNGUARDED_AVAILABILITY = YES_AGGRESSIVE;
				CLANG_WARN_UNREACHABLE_CODE = YES;
				CLANG_WARN__DUPLICATE_METHOD_MATCH = YES;
				COPY_PHASE_STRIP = NO;
				DEBUG_INFORMATION_FORMAT = "dwarf-with-dsym";
				ENABLE_NS_ASSERTIONS = NO;
				ENABLE_STRICT_OBJC_MSGSEND = YES;
				GCC_C_LANGUAGE_STANDARD = gnu11;
				GCC_NO_COMMON_BLOCKS = YES;
				GCC_WARN_64_TO_32_BIT_CONVERSION = YES;
				GCC_WARN_ABOUT_RETURN_TYPE = YES_ERROR;
				GCC_WARN_UNDECLARED_SELECTOR = YES;
				GCC_WARN_UNINITIALIZED_AUTOS = YES_AGGRESSIVE;
				GCC_WARN_UNUSED_FUNCTION = YES;
				GCC_WARN_UNUSED_VARIABLE = YES;
				IPHONEOS_DEPLOYMENT_TARGET = 14.5;
				MTL_ENABLE_DEBUG_INFO = NO;
				MTL_FAST_MATH = YES;
				SDKROOT = iphoneos;
				SWIFT_COMPILATION_MODE = wholemodule;
				SWIFT_OPTIMIZATION_LEVEL = "-O";
				VALIDATE_PRODUCT = YES;
			};
			name = Release;
		};
		99E3E99D26D7FDE900B13674 /* Debug */ = {
			isa = XCBuildConfiguration;
			buildSettings = {
				ASSETCATALOG_COMPILER_APPICON_NAME = AppIcon;
				ASSETCATALOG_COMPILER_GLOBAL_ACCENT_COLOR_NAME = AccentColor;
				CODE_SIGN_STYLE = Automatic;
				DEVELOPMENT_ASSET_PATHS = "\"Beancounter/Preview Content\"";
				DEVELOPMENT_TEAM = 47C966XSTJ;
				ENABLE_PREVIEWS = YES;
				INFOPLIST_FILE = Beancounter/Info.plist;
				IPHONEOS_DEPLOYMENT_TARGET = 14.0;
				LD_RUNPATH_SEARCH_PATHS = (
					"$(inherited)",
					"@executable_path/Frameworks",
				);
				PRODUCT_BUNDLE_IDENTIFIER = "com.garrett-harris.adam.Beancounter";
				PRODUCT_NAME = "$(TARGET_NAME)";
				SWIFT_VERSION = 5.0;
				TARGETED_DEVICE_FAMILY = "1,2";
			};
			name = Debug;
		};
		99E3E99E26D7FDE900B13674 /* Release */ = {
			isa = XCBuildConfiguration;
			buildSettings = {
				ASSETCATALOG_COMPILER_APPICON_NAME = AppIcon;
				ASSETCATALOG_COMPILER_GLOBAL_ACCENT_COLOR_NAME = AccentColor;
				CODE_SIGN_STYLE = Automatic;
				DEVELOPMENT_ASSET_PATHS = "\"Beancounter/Preview Content\"";
				DEVELOPMENT_TEAM = 47C966XSTJ;
				ENABLE_PREVIEWS = YES;
				INFOPLIST_FILE = Beancounter/Info.plist;
				IPHONEOS_DEPLOYMENT_TARGET = 14.0;
				LD_RUNPATH_SEARCH_PATHS = (
					"$(inherited)",
					"@executable_path/Frameworks",
				);
				PRODUCT_BUNDLE_IDENTIFIER = "com.garrett-harris.adam.Beancounter";
				PRODUCT_NAME = "$(TARGET_NAME)";
				SWIFT_VERSION = 5.0;
				TARGETED_DEVICE_FAMILY = "1,2";
			};
			name = Release;
		};
/* End XCBuildConfiguration section */

/* Begin XCConfigurationList section */
		99E3E98826D7FDE700B13674 /* Build configuration list for PBXProject "Beancounter" */ = {
			isa = XCConfigurationList;
			buildConfigurations = (
				99E3E99A26D7FDE900B13674 /* Debug */,
				99E3E99B26D7FDE900B13674 /* Release */,
			);
			defaultConfigurationIsVisible = 0;
			defaultConfigurationName = Release;
		};
		99E3E99C26D7FDE900B13674 /* Build configuration list for PBXNativeTarget "Beancounter" */ = {
			isa = XCConfigurationList;
			buildConfigurations = (
				99E3E99D26D7FDE900B13674 /* Debug */,
				99E3E99E26D7FDE900B13674 /* Release */,
			);
			defaultConfigurationIsVisible = 0;
			defaultConfigurationName = Release;
		};
/* End XCConfigurationList section */
	};
	rootObject = 99E3E98526D7FDE700B13674 /* Project object */;
}
